
Microsoft Visual Studio Solution File, Format Version 11.00
# Visual Studio 2010
Project("{FAE04EC0-301F-11D3-BF4B-00C04F79EFBC}") = "APM.WebAPI", "APM.WebAPI\APM.WebAPI.csproj", "{984B5143-60A5-487A-AD59-7F739197DBE4}"
EndProject
Project("{E24C65DC-7377-472B-9ABA-BC803B73C61A}") = "APM.Client", "APM.Client", "{F5439DDD-62AD-4F46-947D-827A45B77F7B}"
	ProjectSection(WebsiteProperties) = preProject
		TargetFrameworkMoniker = ".NETFramework,Version%3Dv4.0"
		Debug.AspNetCompiler.VirtualPath = "/APM.Client"
		Debug.AspNetCompiler.PhysicalPath = "APM.Client\"
		Debug.AspNetCompiler.TargetPath = "PrecompiledWeb\APM.Client\"
		Debug.AspNetCompiler.Updateable = "true"
		Debug.AspNetCompiler.ForceOverwrite = "true"
		Debug.AspNetCompiler.FixedNames = "false"
		Debug.AspNetCompiler.Debug = "True"
		Release.AspNetCompiler.VirtualPath = "/APM.Client"
		Release.AspNetCompiler.PhysicalPath = "APM.Client\"
		Release.AspNetCompiler.TargetPath = "PrecompiledWeb\APM.Client\"
		Release.AspNetCompiler.Updateable = "true"
		Release.AspNetCompiler.ForceOverwrite = "true"
		Release.AspNetCompiler.FixedNames = "false"
		Release.AspNetCompiler.Debug = "False"
		VWDPort = "60343"
		DefaultWebSiteLanguage = "Visual C#"
	EndProjectSection
EndProject
Global
	GlobalSection(SolutionConfigurationPlatforms) = preSolution
		Debug|Any CPU = Debug|Any CPU
		Release|Any CPU = Release|Any CPU
	EndGlobalSection
	GlobalSection(ProjectConfigurationPlatforms) = postSolution
		{984B5143-60A5-487A-AD59-7F739197DBE4}.Debug|Any CPU.ActiveCfg = Debug|Any CPU
		{984B5143-60A5-487A-AD59-7F739197DBE4}.Debug|Any CPU.Build.0 = Debug|Any CPU
		{984B5143-60A5-487A-AD59-7F739197DBE4}.Release|Any CPU.ActiveCfg = Release|Any CPU
		{984B5143-60A5-487A-AD59-7F739197DBE4}.Release|Any CPU.Build.0 = Release|Any CPU
		{F5439DDD-62AD-4F46-947D-827A45B77F7B}.Debug|Any CPU.ActiveCfg = Debug|Any CPU
		{F5439DDD-62AD-4F46-947D-827A45B77F7B}.Debug|Any CPU.Build.0 = Debug|Any CPU
		{F5439DDD-62AD-4F46-947D-827A45B77F7B}.Release|Any CPU.ActiveCfg = Debug|Any CPU
		{F5439DDD-62AD-4F46-947D-827A45B77F7B}.Release|Any CPU.Build.0 = Debug|Any CPU
	EndGlobalSection
	GlobalSection(SolutionProperties) = preSolution
		HideSolutionNode = FALSE
	EndGlobalSection
EndGlobal
